{
    "_meta": {
        "hash": {
            "sha256": "773810655c4ea20961a01a1ccdb9ae94f77ec19390934a7cf7fc9259bfcda37b"
        },
        "pipfile-spec": 6,
        "requires": {
            "python_version": "3.12"
        },
        "sources": [
            {
                "name": "pypi",
                "url": "https://pypi.org/simple",
                "verify_ssl": true
            }
        ]
    },
    "default": {
        "asgiref": {
            "hashes": [
                "sha256:5f184dc43b7e763efe848065441eac62229c9f7b0475f41f80e207a114eda4ce",
                "sha256:e8667a091e69529631969fd45dc268fa79b99c92c5fcdda727757e52146ec133"
            ],
            "markers": "python_version >= '3.9'",
            "version": "==3.11.1"
        },
        "boto3": {
            "hashes": [
                "sha256:51e34e30e65bea4df0ff77f91abdcb97297eb74c3b27eb576b2abbd758452967",
                "sha256:ff81c6bac708cb95c4f8b27e331ac67d95c6908dd86bcb7b15b8941960f2bc4c"
            ],
            "markers": "python_version >= '3.9'",
            "version": "==1.42.93"
        },
        "botocore": {
            "hashes": [
                "sha256:96ae26cd6302a7c7563398517b90a438168a4efdf4f73ab38882cefb8df721cc",
                "sha256:9ce49863c50b43f7942edd295fb16bfc6d227264ce6fc32c8f2426ef11b9351b"
            ],
            "markers": "python_version >= '3.9'",
            "version": "==1.42.93"
        },
        "django": {
            "hashes": [
                "sha256:5788fce61da23788a8ce6f02583765ab060d396720924789f97fa42119d37f7a",
                "sha256:a31589db5188d074c63f0945c3888fad104627dfcc236fb2b97f71f89da33bc4"
            ],
            "index": "pypi",
            "markers": "python_version >= '3.10'",
            "version": "==5.2.13"
        },
        "django-cors-headers": {
            "hashes": [
                "sha256:15c7f20727f90044dcee2216a9fd7303741a864865f0c3657e28b7056f61b449",
                "sha256:fe5d7cb59fdc2c8c646ce84b727ac2bca8912a247e6e68e1fb507372178e59e8"
            ],
            "index": "pypi",
            "markers": "python_version >= '3.9'",
            "version": "==4.9.0"
        },
        "django-storages": {
            "extras": [
                "s3"
            ],
            "hashes": [
                "sha256:11b7b6200e1cb5ffcd9962bd3673a39c7d6a6109e8096f0e03d46fab3d3aabd9",
                "sha256:7a25ce8f4214f69ac9c7ce87e2603887f7ae99326c316bc8d2d75375e09341c9"
            ],
            "markers": "python_version >= '3.7'",
            "version": "==1.14.6"
        },
        "djangorestframework": {
            "hashes": [
                "sha256:a6def5f447fe78ff853bff1d47a3c59bf38f5434b031780b351b0c73a62db1a5",
                "sha256:c3c74dd3e83a5a3efc37b3c18d92bd6f86a6791c7b7d4dff62bb068500e76457"
            ],
            "index": "pypi",
            "markers": "python_version >= '3.10'",
            "version": "==3.17.1"
        },
        "djangorestframework-simplejwt": {
            "hashes": [
                "sha256:2c30f3707053d384e9f315d11c2daccfcb548d4faa453111ca19a542b732e469",
                "sha256:e72c5572f51d7803021288e2057afcbd03f17fe11d484096f40a460abc76e87f"
            ],
            "index": "pypi",
            "markers": "python_version >= '3.9'",
            "version": "==5.5.1"
        },
        "gunicorn": {
            "hashes": [
                "sha256:cacea387dab08cd6776501621c295a904fe8e3b7aae9a1a3cbb26f4e7ed54660",
                "sha256:f74e1b2f9f76f6cd1ca01198968bd2dd65830edc24b6e8e4d78de8320e2fe889"
            ],
            "index": "pypi",
            "markers": "python_version >= '3.10'",
            "version": "==25.3.0"
        },
        "jmespath": {
            "hashes": [
                "sha256:472c87d80f36026ae83c6ddd0f1d05d4e510134ed462851fd5f754c8c3cbb88d",
                "sha256:a5663118de4908c91729bea0acadca56526eb2698e83de10cd116ae0f4e97c64"
            ],
            "markers": "python_version >= '3.9'",
            "version": "==1.1.0"
        },
        "packaging": {
            "hashes": [
                "sha256:5d9c0669c6285e491e0ced2eee587eaf67b670d94a19e94e3984a481aba6802f",
                "sha256:f042152b681c4bfac5cae2742a55e103d27ab2ec0f3d88037136b6bfe7c9c5de"
            ],
            "markers": "python_version >= '3.8'",
            "version": "==26.1"
        },
        "psycopg2-binary": {
            "hashes": [
                "sha256:00814e40fa23c2b37ef0a1e3c749d89982c73a9cb5046137f0752a22d432e82f",
                "sha256:049366c6d884bdcd65d66e6ca1fdbebe670b56c6c9ba46f164e6667e90881964",
                "sha256:0dc9228d47c46bda253d2ecd6bb93b56a9f2d7ad33b684a1fa3622bf74ffe30c",
                "sha256:1006fb62f0f0bc5ce256a832356c6262e91be43f5e4eb15b5eaf38079464caf2",
                "sha256:127467c6e476dd876634f17c3d870530e73ff454ff99bff73d36e80af28e1115",
                "sha256:1c8ad4c08e00f7679559eaed7aff1edfffc60c086b976f93972f686384a95e2c",
                "sha256:29d4d134bd0ab46ffb04e94aa3c5fa3ef582e9026609165e2f758ff76fc3a3be",
                "sha256:3471336e1acfd9c7fe507b8bad5af9317b6a89294f9eb37bd9a030bb7bebcdc6",
                "sha256:36512911ebb2b60a0c3e44d0bb5048c1980aced91235d133b7874f3d1d93487c",
                "sha256:398fcd4db988c7d7d3713e2b8e18939776fd3fb447052daae4f24fa39daede4c",
                "sha256:3d999bd982a723113c1a45b55a7a6a90d64d0ed2278020ed625c490ff7bef96c",
                "sha256:40e7b28b63aaf737cb3a1edc3a9bbc9a9f4ad3dcb7152e8c1130e4050eddcb7d",
                "sha256:411e85815652d13560fbe731878daa5d92378c4995a22302071890ec3397d019",
                "sha256:4413d0caef93c5cf50b96863df4c2efe8c269bf2267df353225595e7e15e8df7",
                "sha256:4766ab678563054d3f1d064a4db19cc4b5f9e3a8d9018592a8285cf200c248f3",
                "sha256:4dfcf8e45ebb0c663be34a3442f65e17311f3367089cd4e5e3a3e8e62c978777",
                "sha256:527e6342b3e44c2f0544f6b8e927d60de7f163f5723b8f1dfa7d2a84298738cd",
                "sha256:54a0dfecab1b48731f934e06139dfe11e24219fb6d0ceb32177cf0375f14c7b5",
                "sha256:5a0253224780c978746cb9be55a946bcdaf40fe3519c0f622924cdabdafe2c39",
                "sha256:5ac9444edc768c02a6b6a591f070b8aae28ff3a99be57560ac996001580f294c",
                "sha256:5c7cb4cbf894a1d36c720d713de507952c7c58f66d30834708f03dbe5c822ccf",
                "sha256:5c8ce6c61bd1b1f6b9c24ee32211599f6166af2c55abb19456090a21fd16554b",
                "sha256:5cdc05117180c5fa9c40eea8ea559ce64d73824c39d928b7da9fb5f6a9392433",
                "sha256:612b965daee295ae2da8f8218ce1d274645dc76ef3f1abf6a0a94fd57eff876d",
                "sha256:63a3ebbd543d3d1eda088ac99164e8c5bac15293ee91f20281fd17d050aee1c4",
                "sha256:66a7685d7e548f10fb4ce32fb01a7b7f4aa702134de92a292c7bd9e0d3dbd290",
                "sha256:6f3b3de8a74ef8db215f22edffb19e32dc6fa41340456de7ec99efdc8a7b3ec2",
                "sha256:6f9cae1f848779b5b01f417e762c40d026ea93eb0648249a604728cda991dde3",
                "sha256:718e1fc18edf573b02cb8aea868de8d8d33f99ce9620206aa9144b67b0985e94",
                "sha256:77b348775efd4cdab410ec6609d81ccecd1139c90265fa583a7255c8064bc03d",
                "sha256:7af18183109e23502c8b2ae7f6926c0882766f35b5175a4cd737ad825e4d7a1b",
                "sha256:7c729a73c7b1b84de3582f73cdd27d905121dc2c531f3d9a3c32a3011033b965",
                "sha256:83946ba43979ebfdc99a3cd0ee775c89f221df026984ba19d46133d8d75d3cd9",
                "sha256:840066105706cd2eb29b9a1c2329620056582a4bf3e8169dec5c447042d0869f",
                "sha256:863f5d12241ebe1c76a72a04c2113b6dc905f90b9cef0e9be0efd994affd9354",
                "sha256:864c261b3690e1207d14bbfe0a61e27567981b80c47a778561e49f676f7ce433",
                "sha256:89d19a9f7899e8eb0656a2b3a08e0da04c720a06db6e0033eab5928aabe60fa9",
                "sha256:8ffdb59fe88f99589e34354a130217aa1fd2d615612402d6edc8b3dbc7a44463",
                "sha256:96937c9c5d891f772430f418a7a8b4691a90c3e6b93cf72b5bd7cad8cbca32a5",
                "sha256:98062447aebc20ed20add1f547a364fd0ef8933640d5372ff1873f8deb9b61be",
                "sha256:995ce929eede89db6254b50827e2b7fd61e50d11f0b116b29fffe4a2e53c4580",
                "sha256:9b818ceff717f98851a64bffd4c5eb5b3059ae280276dcecc52ac658dcf006a4",
                "sha256:9fe06d93e72f1c048e731a2e3e7854a5bfaa58fc736068df90b352cefe66f03f",
                "sha256:a46fe069b65255df410f856d842bc235f90e22ffdf532dda625fd4213d3fd9b1",
                "sha256:a7e39a65b7d2a20e4ba2e0aaad1960b61cc2888d6ab047769f8347bd3c9ad915",
                "sha256:a99eaab34a9010f1a086b126de467466620a750634d114d20455f3a824aae033",
                "sha256:ab29414b25dcb698bf26bf213e3348abdcd07bbd5de032a5bec15bd75b298b03",
                "sha256:ace94261f43850e9e79f6c56636c5e0147978ab79eda5e5e5ebf13ae146fc8fe",
                "sha256:b4a9eaa6e7f4ff91bec10aa3fb296878e75187bced5cc4bafe17dc40915e1326",
                "sha256:b6937f5fe4e180aeee87de907a2fa982ded6f7f15d7218f78a083e4e1d68f2a0",
                "sha256:b9a339b79d37c1b45f3235265f07cdeb0cb5ad7acd2ac7720a5920989c17c24e",
                "sha256:ba3df2fc42a1cfa45b72cf096d4acb2b885937eedc61461081d53538d4a82a86",
                "sha256:c41321a14dd74aceb6a9a643b9253a334521babfa763fa873e33d89cfa122fb5",
                "sha256:c5ee5213445dd45312459029b8c4c0a695461eb517b753d2582315bd07995f5e",
                "sha256:c6528cefc8e50fcc6f4a107e27a672058b36cc5736d665476aeb413ba88dbb06",
                "sha256:cb4a1dacdd48077150dc762a9e5ddbf32c256d66cb46f80839391aa458774936",
                "sha256:cfa2517c94ea3af6deb46f81e1bbd884faa63e28481eb2f889989dd8d95e5f03",
                "sha256:d2fa0d7caca8635c56e373055094eeda3208d901d55dd0ff5abc1d4e47f82b56",
                "sha256:d3227a3bc228c10d21011a99245edca923e4e8bf461857e869a507d9a41fe9f6",
                "sha256:d6fcbba8c9fed08a73b8ac61ea79e4821e45b1e92bb466230c5e746bbf3d5256",
                "sha256:e4e184b1fb6072bf05388aa41c697e1b2d01b3473f107e7ec44f186a32cfd0b8",
                "sha256:ee2d84ef5eb6c04702d2e9c372ad557fb027f26a5d82804f749dfb14c7fdd2ab",
                "sha256:f12ae41fcafadb39b2785e64a40f9db05d6de2ac114077457e0e7c597f3af980",
                "sha256:f625abb7020e4af3432d95342daa1aa0db3fa369eed19807aa596367ba791b10",
                "sha256:f921f3cd87035ef7df233383011d7a53ea1d346224752c1385f1edfd790ceb6a",
                "sha256:fb1828cf3da68f99e45ebce1355d65d2d12b6a78fb5dfb16247aad6bdef5f5d2",
                "sha256:ffdd7dc5463ccd61845ac37b7012d0f35a1548df9febe14f8dd549be4a0bc81e"
            ],
            "index": "pypi",
            "markers": "python_version >= '3.9'",
            "version": "==2.9.12"
        },
        "pyjwt": {
            "hashes": [
                "sha256:28ca37c070cad8ba8cd9790cd940535d40274d22f80ab87f3ac6a713e6e8454c",
                "sha256:c74a7a2adf861c04d002db713dd85f84beb242228e671280bf709d765b03672b"
            ],
            "markers": "python_version >= '3.9'",
            "version": "==2.12.1"
        },
        "python-dateutil": {
            "hashes": [
                "sha256:37dd54208da7e1cd875388217d5e00ebd4179249f90fb72437e91a35459a0ad3",
                "sha256:a8b2bc7bffae282281c8140a97d3aa9c14da0b136dfe83f850eea9a5f7470427"
            ],
            "markers": "python_version >= '2.7' and python_version not in '3.0, 3.1, 3.2'",
            "version": "==2.9.0.post0"
        },
        "python-decouple": {
            "hashes": [
                "sha256:ba6e2657d4f376ecc46f77a3a615e058d93ba5e465c01bbe57289bfb7cce680f",
                "sha256:d0d45340815b25f4de59c974b855bb38d03151d81b037d9e3f463b0c9f8cbd66"
            ],
            "index": "pypi",
            "version": "==3.8"
        },
        "s3transfer": {
            "hashes": [
                "sha256:18e25d66fed509e3868dc1572b3f427ff947dd2c56f844a5bf09481ad3f3b2fe",
                "sha256:8e990f13268025792229cd52fa10cb7163744bf56e719e0b9cb925ab79abf920"
            ],
            "markers": "python_version >= '3.9'",
            "version": "==0.16.0"
        },
        "six": {
            "hashes": [
                "sha256:4721f391ed90541fddacab5acf947aa0d3dc7d27b2e1e8eda2be8970586c3274",
                "sha256:ff70335d468e7eb6ec65b95b99d3a2836546063f63acc5171de367e834932a81"
            ],
            "markers": "python_version >= '2.7' and python_version not in '3.0, 3.1, 3.2'",
            "version": "==1.17.0"
        },
        "sqlparse": {
            "hashes": [
                "sha256:12a08b3bf3eec877c519589833aed092e2444e68240a3577e8e26148acc7b1ba",
                "sha256:e20d4a9b0b8585fdf63b10d30066c7c94c5d7a7ec47c889a2d83a3caa93ff28e"
            ],
            "markers": "python_version >= '3.8'",
            "version": "==0.5.5"
        },
        "urllib3": {
            "hashes": [
                "sha256:1b62b6884944a57dbe321509ab94fd4d3b307075e0c2eae991ac71ee15ad38ed",
                "sha256:bf272323e553dfb2e87d9bfd225ca7b0f467b919d7bbd355436d3fd37cb0acd4"
            ],
            "markers": "python_version >= '3.9'",
            "version": "==2.6.3"
        }
    },
    "develop": {
        "asgiref": {
            "hashes": [
                "sha256:5f184dc43b7e763efe848065441eac62229c9f7b0475f41f80e207a114eda4ce",
                "sha256:e8667a091e69529631969fd45dc268fa79b99c92c5fcdda727757e52146ec133"
            ],
            "markers": "python_version >= '3.9'",
            "version": "==3.11.1"
        },
        "django": {
            "hashes": [
                "sha256:5788fce61da23788a8ce6f02583765ab060d396720924789f97fa42119d37f7a",
                "sha256:a31589db5188d074c63f0945c3888fad104627dfcc236fb2b97f71f89da33bc4"
            ],
            "index": "pypi",
            "markers": "python_version >= '3.10'",
            "version": "==5.2.13"
        },
        "django-stubs": {
            "hashes": [
                "sha256:5fee22bcbbad59a78c727a820b6f4e68ff442ca76a922b7002e57c25dd7cb390",
                "sha256:ee895f403c373608eeb50822f0733f9d9ec5ab12731d4ab58956053bb95fdd9e"
            ],
            "index": "pypi",
            "markers": "python_version >= '3.10'",
            "version": "==6.0.3"
        },
        "django-stubs-ext": {
            "hashes": [
                "sha256:3307d42132bc295d5744de6276bc5fdf6896efc70f891e21c0ae8bdf529d2762",
                "sha256:9e4105955419ae310d7da9cfd808e039d4dae3092c628f021057bb4f2c237f8f"
            ],
            "markers": "python_version >= '3.10'",
            "version": "==6.0.3"
        },
        "djangorestframework-stubs": {
            "hashes": [
                "sha256:27b3e245d5f9c22ff6988d9e54388249f98f88608cc2b365b71e9f39dd096958",
                "sha256:b1abb97490c90c85eabcd09b8ecbadae1b9360f21ad3021abf830227c0129697"
            ],
            "index": "pypi",
            "markers": "python_version >= '3.10'",
            "version": "==3.16.9"
        },
        "factory-boy": {
            "hashes": [
                "sha256:1c39e3289f7e667c4285433f305f8d506efc2fe9c73aaea4151ebd5cdea394fc",
                "sha256:866862d226128dfac7f2b4160287e899daf54f2612778327dd03d0e2cb1e3d03"
            ],
            "index": "pypi",
            "markers": "python_version >= '3.8'",
            "version": "==3.3.3"
        },
        "faker": {
            "hashes": [
                "sha256:20f3a6ec8c266b74d4c554e34118b21c3c2056c0b4a519d15c8decb3a4e6e795",
                "sha256:71ab3c3370da9d2205ab74ffb0fd51273063ad562b3a3bb69d0026a20923e318"
            ],
            "index": "pypi",
            "markers": "python_version >= '3.10'",
            "version": "==40.15.0"
        },
        "iniconfig": {
            "hashes": [
                "sha256:c76315c77db068650d49c5b56314774a7804df16fee4402c1f19d6d15d8c4730",
                "sha256:f631c04d2c48c52b84d0d0549c99ff3859c98df65b3101406327ecc7d53fbf12"
            ],
            "markers": "python_version >= '3.10'",
            "version": "==2.3.0"
        },
        "librt": {
            "hashes": [
                "sha256:07cf11f769831186eeac424376e6189f20ace4f7263e2134bdb9757340d84d4d",
                "sha256:0a09c2f5869649101738653a9b7ab70cf045a1105ac66cbb8f4055e61df78f2d",
                "sha256:0a1be03168b2691ba61927e299b352a6315189199ca18a57b733f86cb3cc8d38",
                "sha256:0b73e4266307e51c95e09c0750b7ec383c561d2e97d58e473f6f6a209952fbb8",
                "sha256:15cb151e52a044f06e54ac7f7b47adbfc89b5c8e2b63e1175a9d587c43e8942a",
                "sha256:194fc1a32e1e21fe809d38b5faea66cc65eaa00217c8901fbdb99866938adbdb",
                "sha256:1bf465d1e5b0a27713862441f6467b5ab76385f4ecf8f1f3a44f8aa3c695b4b6",
                "sha256:1c587494461ebd42229d0f1739f3aa34237dd9980623ecf1be8d3bcba79f4499",
                "sha256:224b9727eb8bc188bc3bcf29d969dba0cd61b01d9bac80c41575520cc4baabb2",
                "sha256:22a904cbdb678f7cb348c90d543d3c52f581663d687992fee47fd566dcbf5285",
                "sha256:2b8f5d00b49818f4e2b1667db994488b045835e0ac16fe2f924f3871bd2b8ac5",
                "sha256:2c3786f0f4490a5cd87f1ed6cefae833ad6b1060d52044ce0434a2e85893afd0",
                "sha256:2d03fa4fd277a7974c1978c92c374c57f44edeee163d147b477b143446ad1bf6",
                "sha256:2f8e12706dcb8ff6b3ed57514a19e45c49ad00bcd423e87b2b2e4b5f64578443",
                "sha256:3be322a15ee5e70b93b7a59cfd074614f22cc8c9ff18bd27f474e79137ea8d3b",
                "sha256:3cc2917258e131ae5f958a4d872e07555b51cb7466a43433218061c74ef33745",
                "sha256:3f05d145df35dca5056a8bc3838e940efebd893a54b3e19b2dda39ceaa299bcb",
                "sha256:3fe56e80badb66fdcde06bef81bbaa5bfcf6fbd7aefb86222d9e369c38c6b228",
                "sha256:42ff8a962554c350d4a83cf47d9b7b78b0e6ff7943e87df7cdfc97c07f3c016f",
                "sha256:451daa98463b7695b0a30aa56bf637831ea559e7b8101ac2ef6382e8eb15e29c",
                "sha256:465814ab157986acb9dfa5ccd7df944be5eefc0d08d31ec6e8d88bc71251d845",
                "sha256:4c4d0440a3a8e31d962340c3e1cc3fc9ee7febd34c8d8f770d06adb947779ea5",
                "sha256:4e3dda8345307fd7306db0ed0cb109a63a2c85ba780eb9dc2d09b2049a931f9c",
                "sha256:5093043afb226ecfa1400120d1ebd4442b4f99977783e4f4f7248879009b227f",
                "sha256:5112c2fb7c2eefefaeaf5c97fec81343ef44ee86a30dcfaa8223822fba6467b4",
                "sha256:527b5b820b47a09e09829051452bb0d1dd2122261254e2a6f674d12f1d793d54",
                "sha256:54d412e47c21b85865676ed0724e37a89e9593c2eee1e7367adf85bfad56ffb1",
                "sha256:56d65b583cf43b8cf4c8fbe1e1da20fa3076cc32a1149a141507af1062718236",
                "sha256:5ca8e133d799c948db2ab1afc081c333a825b5540475164726dcbf73537e5c2f",
                "sha256:603138ee838ee1583f1b960b62d5d0007845c5c423feb68e44648b1359014e27",
                "sha256:63c12efcd160e1d14da11af0c46c0217473e1e0d2ae1acbccc83f561ea4c2a7b",
                "sha256:657f8ba7b9eaaa82759a104137aed2a3ef7bc46ccfd43e0d89b04005b3e0a4cc",
                "sha256:66b58fed90a545328e80d575467244de3741e088c1af928f0b489ebec3ef3858",
                "sha256:6788207daa0c19955d2b668f3294a368d19f67d9b5f274553fd073c1260cbb9f",
                "sha256:703f4ae36d6240bfe24f542bac784c7e4194ec49c3ba5a994d02891649e2d85b",
                "sha256:7202bdcac47d3a708271c4304a474a8605a4a9a4a709e954bf2d3241140aa938",
                "sha256:756775d25ec8345b837ab52effee3ad2f3b2dfd6bbee3e3f029c517bd5d8f05a",
                "sha256:78042f6facfd98ecb25e9829c7e37cce23363d9d7c83bc5f72702c5059eb082b",
                "sha256:789fff71757facc0738e8d89e3b84e4f0251c1c975e85e81b152cdaca927cc2d",
                "sha256:7bc30ad339f4e1a01d4917d645e522a0bc0030644d8973f6346397c93ba1503f",
                "sha256:7d429bdd4ac0ab17c8e4a8af0ed2a7440b16eba474909ab357131018fe8c7e71",
                "sha256:7d5c8a5929ac325729f6119802070b561f4db793dffc45e9ac750992a4ed4d22",
                "sha256:7e6274fd33fc5b2a14d41c9119629d3ff395849d8bcbc80cf637d9e8d2034da8",
                "sha256:80b25c7b570a86c03b5da69e665809deb39265476e8e21d96a9328f9762f9990",
                "sha256:81107843ed1836874b46b310f9b1816abcb89912af627868522461c3b7333c0f",
                "sha256:8494cfc61e03542f2d381e71804990b3931175a29b9278fdb4a5459948778dc2",
                "sha256:850d6d03177e52700af605fd60db7f37dcb89782049a149674d1a9649c2138fd",
                "sha256:8c6bc1384d9738781cfd41d09ad7f6e8af13cfea2c75ece6bd6d2566cdea2076",
                "sha256:90904fac73c478f4b83f4ed96c99c8208b75e6f9a8a1910548f69a00f1eaa671",
                "sha256:90e6d5420fc8a300518d4d2288154ff45005e920425c22cbbfe8330f3f754bd9",
                "sha256:928bd06eca2c2bbf4349e5b817f837509b0604342e65a502de1d50a7570afd15",
                "sha256:9b3e3bc363f71bda1639a4ee593cb78f7fbfeacc73411ec0d4c92f00730010a4",
                "sha256:9edcc35d1cae9fd5320171b1a838c7da8a5c968af31e82ecc3dff30b4be0957f",
                "sha256:9fcb461fbf70654a52a7cc670e606f04449e2374c199b1825f754e16dacfedd8",
                "sha256:a0951822531e7aee6e0dfb556b30d5ee36bbe234faf60c20a16c01be3530869d",
                "sha256:a361c9434a64d70a7dbb771d1de302c0cc9f13c0bffe1cf7e642152814b35265",
                "sha256:a4b25c6c25cac5d0d9d6d6da855195b254e0021e513e0249f0e3b444dc6e0e61",
                "sha256:a5af136bfba820d592f86c67affcef9b3ff4d4360ac3255e341e964489b48519",
                "sha256:a81eea9b999b985e4bacc650c4312805ea7008fd5e45e1bf221310176a7bcb3a",
                "sha256:a9c63e04d003bc0fb6a03b348018b9a3002f98268200e22cc80f146beac5dc40",
                "sha256:aa95738a68cedd3a6f5492feddc513e2e166b50602958139e47bbdd82da0f5a7",
                "sha256:b0a2040f801406b93657a70b72fa12311063a319fee72ce98e1524da7200171f",
                "sha256:b8bd70d5d816566a580d193326912f4a76ec2d28a97dc4cd4cc831c0af8e330e",
                "sha256:b8da9f8035bb417770b1e1610526d87ad4fc58a2804dc4d79c53f6d2cf5a6eb9",
                "sha256:bc5518873822d2faa8ebdd2c1a4d7c8ef47b01a058495ab7924cb65bdbf5fc9a",
                "sha256:c0d620e74897f8c2613b3c4e2e9c1e422eb46d2ddd07df540784d44117836af3",
                "sha256:c2640e23d2b7c98796f123ffd95cf2022c7777aa8a4a3b98b36c570d37e85eee",
                "sha256:c81aef782380f0f13ead670aae01825eb653b44b046aa0e5ebbb79f76ed4aa11",
                "sha256:d4d16b608a1c43d7e33142099a75cd93af482dadce0bf82421e91cad077157f4",
                "sha256:d69fc39e627908f4c03297d5a88d9284b73f4d90b424461e32e8c2485e21c283",
                "sha256:d9da80e5b04acce03ced8ba6479a71c2a2edf535c2acc0d09c80d2f80f3bad15",
                "sha256:dd2c7e082b0b92e1baa4da28163a808672485617bc855cc22a2fd06978fa9084",
                "sha256:de7dac64e3eb832ffc7b840eb8f52f76420cde1b845be51b2a0f6b870890645e",
                "sha256:e0785c2fb4a81e1aece366aa3e2e039f4a4d7d21aaaded5227d7f3c703427882",
                "sha256:e306d956cfa027fe041585f02a1602c32bfa6bb8ebea4899d373383295a6c62f",
                "sha256:e78fb7419e07d98c2af4b8567b72b3eaf8cb05caad642e9963465569c8b2d87e",
                "sha256:e9002e98dcb1c0a66723592520decd86238ddcef168b37ff6cfb559200b4b774",
                "sha256:e94cbc6ad9a6aeea46d775cbb11f361022f778a9cc8cc90af653d3a594b057ce",
                "sha256:eea1b54943475f51698f85fa230c65ccac769f1e603b981be060ac5763d90927",
                "sha256:f100bfe2acf8a3689af9d0cc660d89f17286c9c795f9f18f7b62dd1a6b247ae6",
                "sha256:f162af66a2ed3f7d1d161a82ca584efd15acd9c1cff190a373458c32f7d42118",
                "sha256:f24b90b0e0c8cc9491fb1693ae91fe17cb7963153a1946395acdbdd5818429a4",
                "sha256:f29b68cd9714531672db62cc54f6e8ff981900f824d13fa0e00749189e13778e",
                "sha256:f38bc489037eca88d6ebefc9c4d41a4e07c8e8b4de5188a9e6d290273ad7ebb1",
                "sha256:f3fd278f5e6bf7c75ccd6d12344eb686cc020712683363b66f46ac79d37c799f",
                "sha256:f4003f70c56a5addd6aa0897f200dd59afd3bf7bcd5b3cce46dd21f925743bc2",
                "sha256:f48c963a76d71b9d7927eb817b543d0dccd52ab6648b99d37bd54f4cd475d856",
                "sha256:f819e0c6413e259a17a7c0d49f97f405abadd3c2a316a3b46c6440b7dbbedbb1",
                "sha256:fc5758e2b7a56532dc33e3c544d78cbaa9ecf0a0f2a2da2df882c1d6b99a317f",
                "sha256:fcbdf2a9ca24e87bbebb47f1fe34e531ef06f104f98c9ccfc953a3f3344c567a"
            ],
            "markers": "python_version >= '3.9'",
            "version": "==0.9.0"
        },
        "mypy": {
            "hashes": [
                "sha256:0c64e5973df366b747646fc98da921f9d6eba9716d57d1db94a83c026a08e0fb",
                "sha256:0deb80d062b2479f2c87ae568f89845afc71d11bc41b04179e58165fd9f31e98",
                "sha256:1e1c12f6d2db3d78b909b5f77513c11eb7f2dd2782b96a3ab6dffc7d44575c99",
                "sha256:20175a1c0f49863946ec20b7f63255768058ac4f07d2b9ded6a6b46cfb5a9100",
                "sha256:29752dbbf8cc53f89f6ac096d363314333045c257c9c75cbd189ca2de0455744",
                "sha256:2a4102b03bb7481d9a91a6da8d174740c9c8c4401024684b9ca3b7cc5e49852f",
                "sha256:2de3dcea53babc1c3237a19002bc3d228ce1833278f093b8d619e06e7cc79609",
                "sha256:34397cdced6b90b836e38182076049fdb41424322e0b0728c946b0939ebdf9f6",
                "sha256:4077797a273e56e8843d001e9dfe4ba10e33323d6ade647ff260e5cd97d9758c",
                "sha256:419413398fe250aae057fd2fe50166b61077083c9b82754c341cf4fd73038f30",
                "sha256:4b6481b228d072315b053210b01ac320e1be243dc17f9e5887ef167f23f5fae4",
                "sha256:4dbfcf869f6b0517f70cf0030ba6ea1d6645e132337a7d5204a18d8d5636c02b",
                "sha256:4fef51b01e638974a6e69885687e9bd40c8d1e09a6cd291cca0619625cf1f558",
                "sha256:52b176444e2e5054dfcbcb8c75b0b719865c96247b37407184bbfca5c353f2c2",
                "sha256:56908d7e08318d39f85b1f0c6cfd47b0cac1a130da677630dac0de3e0623e102",
                "sha256:5a65aa591af023864fd08a97da9974e919452cfe19cb146c8a5dc692626445dc",
                "sha256:688c3312e5dadb573a2c69c82af3a298d43ecf9e6d264e0f95df960b5f6ac19c",
                "sha256:6e2b469efd811707bc530fd1effef0f5d6eebcb7fe376affae69025da4b979a2",
                "sha256:7488448de6007cd5177c6cea0517ac33b4c0f5ee9b5e9f2be51ce75511a85517",
                "sha256:785b08db19c9f214dc37d65f7c165d19a30fcecb48abfa30f31b01b5acaabb58",
                "sha256:7b0e817b518bff7facd7f85ea05b643ad8bdcce684cf29784987b0a7c8e1f997",
                "sha256:803203d2b6ea644982c644895c2f78b28d0e208bba7b27d9b921e0ec5eb207c6",
                "sha256:89dce27e142d25ffbc154c1819383b69f2e9234dc4ed4766f42e0e8cb264ab5c",
                "sha256:913485a03f1bcf5d279409a9d2b9ed565c151f61c09f29991e5faa14033da4c8",
                "sha256:97d7b9a485b40f8ca425460e89bf1da2814625b2da627c0dcc6aa46c92631d14",
                "sha256:9bcb8aa397ff0093c824182fd76a935a9ba7ad097fcbef80ae89bf6c1731d8ec",
                "sha256:9d56a78b646f2e3daa865bc70cd5ec5a46c50045801ca8ff17a0c43abc97e3ee",
                "sha256:a5da6976f20cae27059ea8d0c86e7cef3de720e04c4bb9ee18e3690fdb792066",
                "sha256:a94c5a76ab46c5e6257c7972b6c8cff0574201ca7dc05647e33e795d78680563",
                "sha256:a95a9248b0c6fd933a442c03c3b113c3b61320086b88e2c444676d3fd1ca3330",
                "sha256:baf593f2765fa3a6b1ef95807dbaa3d25b594f6a52adcc506a6b9cb115e1be67",
                "sha256:bb9c2fa06887e21d6a3a868762acb82aec34e2c6fd0174064f27c93ede68ad15",
                "sha256:bba9ad231e92a3e424b3e56b65aa17704993425bba97e302c832f9466bb85bac",
                "sha256:c3bae4f855d965b5453784300c12ffc63a548304ac7f99e55d4dc7c898673aa3",
                "sha256:c566c3a88b6ece59b3d70f65bedef17304f48eb52ff040a6a18214e1917b3254",
                "sha256:cdecf62abcc4292500d7858aeae87a1f8f1150f4c4dd08fb0b336ee79b2a6df3",
                "sha256:cf5a4db6dca263010e2c7bff081c89383c72d187ba2cf4c44759aac970e2f0c4",
                "sha256:d52ad8d78522da1d308789df651ee5379088e77c76cb1994858d40a426b343b9",
                "sha256:e061b58443f1736f8a37c48978d7ab581636d6ab03e3d4f99e3fa90463bb9382",
                "sha256:e2877a02380adfcdbc69071a0f74d6e9dbbf593c0dc9d174e1f223ffd5281943",
                "sha256:e73c07f23009962885c197ccb9b41356a30cc0e5a1d0c2ea8fd8fb1362d7f924",
                "sha256:e8222c26daaafd9e8626dec58ae36029f82585890589576f769a650dd20fd665",
                "sha256:edfbfca868cdd6bd8d974a60f8a3682f5565d3f5c99b327640cedd24c4264026",
                "sha256:f376e37f9bf2a946872fc5fd1199c99310748e3c26c7a26683f13f8bdb756cbd"
            ],
            "index": "pypi",
            "markers": "python_version >= '3.10'",
            "version": "==1.20.2"
        },
        "mypy-extensions": {
            "hashes": [
                "sha256:1be4cccdb0f2482337c4743e60421de3a356cd97508abadd57d47403e94f5505",
                "sha256:52e68efc3284861e772bbcd66823fde5ae21fd2fdb51c62a211403730b916558"
            ],
            "markers": "python_version >= '3.8'",
            "version": "==1.1.0"
        },
        "packaging": {
            "hashes": [
                "sha256:5d9c0669c6285e491e0ced2eee587eaf67b670d94a19e94e3984a481aba6802f",
                "sha256:f042152b681c4bfac5cae2742a55e103d27ab2ec0f3d88037136b6bfe7c9c5de"
            ],
            "markers": "python_version >= '3.8'",
            "version": "==26.1"
        },
        "pathspec": {
            "hashes": [
                "sha256:0210e2ae8a21a9137c0d470578cb0e595af87edaa6ebf12ff176f14a02e0e645",
                "sha256:fb6ae2fd4e7c921a165808a552060e722767cfa526f99ca5156ed2ce45a5c723"
            ],
            "markers": "python_version >= '3.9'",
            "version": "==1.0.4"
        },
        "pluggy": {
            "hashes": [
                "sha256:7dcc130b76258d33b90f61b658791dede3486c3e6bfb003ee5c9bfb396dd22f3",
                "sha256:e920276dd6813095e9377c0bc5566d94c932c33b27a3e3945d8389c374dd4746"
            ],
            "markers": "python_version >= '3.9'",
            "version": "==1.6.0"
        },
        "pygments": {
            "hashes": [
                "sha256:6757cd03768053ff99f3039c1a36d6c0aa0b263438fcab17520b30a303a82b5f",
                "sha256:81a9e26dd42fd28a23a2d169d86d7ac03b46e2f8b59ed4698fb4785f946d0176"
            ],
            "markers": "python_version >= '3.9'",
            "version": "==2.20.0"
        },
        "pytest": {
            "hashes": [
                "sha256:2c5efc453d45394fdd706ade797c0a81091eccd1d6e4bccfcd476e2b8e0ab5d9",
                "sha256:b86ada508af81d19edeb213c681b1d48246c1a91d304c6c81a427674c17eb91c"
            ],
            "index": "pypi",
            "markers": "python_version >= '3.10'",
            "version": "==9.0.3"
        },
        "pytest-django": {
            "hashes": [
                "sha256:3ff300c49f8350ba2953b90297d23bf5f589db69545f56f1ec5f8cff5da83e85",
                "sha256:df94ec819a83c8979c8f6de13d9cdfbe76e8c21d39473cfe2b40c9fc9be3c758"
            ],
            "index": "pypi",
            "markers": "python_version >= '3.10'",
            "version": "==4.12.0"
        },
        "ruff": {
            "hashes": [
                "sha256:030d921a836d7d4a12cf6e8d984a88b66094ccb0e0f17ddd55067c331191bf19",
                "sha256:063fed18cc1bbe0ee7393957284a6fe8b588c6a406a285af3ee3f46da2391ee4",
                "sha256:06f483d6646f59eaffba9ae30956370d3a886625f511a3108994000480621d1c",
                "sha256:0e783b599b4577788dbbb66b9addcef87e9a8832f4ce0c19e34bf55543a2f890",
                "sha256:195072c0c8e1fc8f940652073df082e37a5d9cb43b4ab1e4d0566ab8977a13b7",
                "sha256:1bef2cb556d509259f1fe440bb9cd33c756222cf0a7afe90d15edf0866702431",
                "sha256:1f111d62e3c983ed20e0ca2e800f8d77433a5b1161947df99a5c2a3fb60514f0",
                "sha256:3b17c886fb88203ced3afe7f14e8d5ae96e9d2f4ccc0ee66aa19f2c2675a27e4",
                "sha256:476a2aa56b7da0b73a3ee80b6b2f0e19cce544245479adde7baa65466664d5f3",
                "sha256:49fafa220220afe7758a487b048de4c8f9f767f37dfefad46b9dd06759d003eb",
                "sha256:7a1b5b2938d8f890b76084d4fa843604d787a912541eae85fd7e233398bbb73e",
                "sha256:8b6756d88d7e234fb0c98c91511aae3cd519d5e3ed271cae31b20f39cb2a12a3",
                "sha256:a3a0996d486af3920dec930a2e7daed4847dfc12649b537a9335585ada163e9e",
                "sha256:ae90592246625ba4a34349d68ec28d4400d75182b71baa196ddb9f82db025ef5",
                "sha256:d4176f3d194afbdaee6e41b9ccb1a2c287dba8700047df474abfbe773825d1cb",
                "sha256:e927cfff503135c558eb581a0c9792264aae9507904eb27809cdcff2f2c847b7",
                "sha256:f092b21708bf0e7437ce9ada249dfe688ff9a0954fc94abab05dcea7dcd29c33",
                "sha256:f2ab8427e74a00d93b8bda1307b1e60970d40f304af38bccb218e056c220120d"
            ],
            "index": "pypi",
            "markers": "python_version >= '3.7'",
            "version": "==0.15.11"
        },
        "sqlparse": {
            "hashes": [
                "sha256:12a08b3bf3eec877c519589833aed092e2444e68240a3577e8e26148acc7b1ba",
                "sha256:e20d4a9b0b8585fdf63b10d30066c7c94c5d7a7ec47c889a2d83a3caa93ff28e"
            ],
            "markers": "python_version >= '3.8'",
            "version": "==0.5.5"
        },
        "types-pyyaml": {
            "hashes": [
                "sha256:92a73f2b8d7f39ef392a38131f76b970f8c66e4c42b3125ae872b7c93b556307",
                "sha256:fbc42037d12159d9c801ebfcc79ebd28335a7c13b08a4cfbc6916df78fee9384"
            ],
            "markers": "python_version >= '3.10'",
            "version": "==6.0.12.20260408"
        },
        "typing-extensions": {
            "hashes": [
                "sha256:0cea48d173cc12fa28ecabc3b837ea3cf6f38c6d1136f85cbaaf598984861466",
                "sha256:f0fa19c6845758ab08074a0cfa8b7aecb71c999ca73d62883bc25cc018c4e548"
            ],
            "markers": "python_version >= '3.9'",
            "version": "==4.15.0"
        }
    }
}
